
Microsoft Visual Studio Solution File, Format Version 12.00
# Visual Studio Version 17
VisualStudioVersion = 17.1.32328.378
MinimumVisualStudioVersion = 10.0.40219.1
Project("{FAE04EC0-301F-11D3-BF4B-00C04F79EFBC}") = "OpenLMS-EasyAttend", "IPUT出席登録\OpenLMS-EasyAttend.csproj", "{56E74A7D-0DD1-40F9-858B-2B0F13E12074}"
EndProject
Global
	GlobalSection(SolutionConfigurationPlatforms) = preSolution
		Debug|Any CPU = Debug|Any CPU
		Debug|x64 = Debug|x64
		Release|Any CPU = Release|Any CPU
		Release|x64 = Release|x64
	EndGlobalSection
	GlobalSection(ProjectConfigurationPlatforms) = postSolution
		{56E74A7D-0DD1-40F9-858B-2B0F13E12074}.Debug|Any CPU.ActiveCfg = Debug|Any CPU
		{56E74A7D-0DD1-40F9-858B-2B0F13E12074}.Debug|Any CPU.Build.0 = Debug|Any CPU
		{56E74A7D-0DD1-40F9-858B-2B0F13E12074}.Debug|x64.ActiveCfg = Debug|x64
		{56E74A7D-0DD1-40F9-858B-2B0F13E12074}.Debug|x64.Build.0 = Debug|x64
		{56E74A7D-0DD1-40F9-858B-2B0F13E12074}.Release|Any CPU.ActiveCfg = Release|Any CPU
		{56E74A7D-0DD1-40F9-858B-2B0F13E12074}.Release|Any CPU.Build.0 = Release|Any CPU
		{56E74A7D-0DD1-40F9-858B-2B0F13E12074}.Release|x64.ActiveCfg = Release|x64
		{56E74A7D-0DD1-40F9-858B-2B0F13E12074}.Release|x64.Build.0 = Release|x64
	EndGlobalSection
	GlobalSection(SolutionProperties) = preSolution
		HideSolutionNode = FALSE
	EndGlobalSection
	GlobalSection(ExtensibilityGlobals) = postSolution
		SolutionGuid = {0B974466-B44A-4581-9F6D-E5CC67235E45}
	EndGlobalSection
EndGlobal
